// !$*UTF8*$!
{
	archiveVersion = 1;
	classes = {
	};
	objectVersion = 46;
	objects = {

/* Begin PBXBuildFile section */
		701D03411CA5DE81009AAC74 /* Bee.png in Resources */ = {isa = PBXBuildFile; fileRef = 701D03371CA5DE81009AAC74 /* Bee.png */; };
		701D03421CA5DE81009AAC74 /* car.png in Resources */ = {isa = PBXBuildFile; fileRef = 701D03381CA5DE81009AAC74 /* car.png */; };
		701D03431CA5DE81009AAC74 /* firefly.png in Resources */ = {isa = PBXBuildFile; fileRef = 701D03391CA5DE81009AAC74 /* firefly.png */; };
		701D03441CA5DE81009AAC74 /* grass.png in Resources */ = {isa = PBXBuildFile; fileRef = 701D033A1CA5DE81009AAC74 /* grass.png */; };
		701D03451CA5DE81009AAC74 /* kid1 copy.png in Resources */ = {isa = PBXBuildFile; fileRef = 701D033B1CA5DE81009AAC74 /* kid1 copy.png */; };
		701D03461CA5DE81009AAC74 /* kid2 copy.png in Resources */ = {isa = PBXBuildFile; fileRef = 701D033C1CA5DE81009AAC74 /* kid2 copy.png */; };
		701D03471CA5DE81009AAC74 /* kid3 copy.png in Resources */ = {isa = PBXBuildFile; fileRef = 701D033D1CA5DE81009AAC74 /* kid3 copy.png */; };
		701D03481CA5DE81009AAC74 /* kid4 copy.png in Resources */ = {isa = PBXBuildFile; fileRef = 701D033E1CA5DE81009AAC74 /* kid4 copy.png */; };
		701D03491CA5DE81009AAC74 /* road.png in Resources */ = {isa = PBXBuildFile; fileRef = 701D033F1CA5DE81009AAC74 /* road.png */; };
		701D034A1CA5DE81009AAC74 /* tree1.png in Resources */ = {isa = PBXBuildFile; fileRef = 701D03401CA5DE81009AAC74 /* tree1.png */; };
		701D034E1CA5DE88009AAC74 /* CarCrash.wav in Resources */ = {isa = PBXBuildFile; fileRef = 701D034C1CA5DE88009AAC74 /* CarCrash.wav */; };
		701D034F1CA5DE88009AAC74 /* forest.wav in Resources */ = {isa = PBXBuildFile; fileRef = 701D034D1CA5DE88009AAC74 /* forest.wav */; };
		701D03511CA5E77C009AAC74 /* MenuScene.swift in Sources */ = {isa = PBXBuildFile; fileRef = 701D03501CA5E77C009AAC74 /* MenuScene.swift */; };
		704B38461CA5D95E00067C65 /* AppDelegate.swift in Sources */ = {isa = PBXBuildFile; fileRef = 704B38451CA5D95E00067C65 /* AppDelegate.swift */; };
		704B38481CA5D95E00067C65 /* GameScene.sks in Resources */ = {isa = PBXBuildFile; fileRef = 704B38471CA5D95E00067C65 /* GameScene.sks */; };
		704B384A1CA5D95E00067C65 /* GameScene.swift in Sources */ = {isa = PBXBuildFile; fileRef = 704B38491CA5D95E00067C65 /* GameScene.swift */; };
		704B384C1CA5D95E00067C65 /* GameViewController.swift in Sources */ = {isa = PBXBuildFile; fileRef = 704B384B1CA5D95E00067C65 /* GameViewController.swift */; };
		704B384F1CA5D95E00067C65 /* Main.storyboard in Resources */ = {isa = PBXBuildFile; fileRef = 704B384D1CA5D95E00067C65 /* Main.storyboard */; };
		704B38511CA5D95E00067C65 /* Assets.xcassets in Resources */ = {isa = PBXBuildFile; fileRef = 704B38501CA5D95E00067C65 /* Assets.xcassets */; };
		704B38541CA5D95E00067C65 /* LaunchScreen.storyboard in Resources */ = {isa = PBXBuildFile; fileRef = 704B38521CA5D95E00067C65 /* LaunchScreen.storyboard */; };
		704B385F1CA5D95E00067C65 /* FireFlyTests.swift in Sources */ = {isa = PBXBuildFile; fileRef = 704B385E1CA5D95E00067C65 /* FireFlyTests.swift */; };
		704B386A1CA5D95E00067C65 /* FireFlyUITests.swift in Sources */ = {isa = PBXBuildFile; fileRef = 704B38691CA5D95E00067C65 /* FireFlyUITests.swift */; };
/* End PBXBuildFile section */

/* Begin PBXContainerItemProxy section */
		704B385B1CA5D95E00067C65 /* PBXContainerItemProxy */ = {
			isa = PBXContainerItemProxy;
			containerPortal = 704B383A1CA5D95E00067C65 /* Project object */;
			proxyType = 1;
			remoteGlobalIDString = 704B38411CA5D95E00067C65;
			remoteInfo = FireFly;
		};
		704B38661CA5D95E00067C65 /* PBXContainerItemProxy */ = {
			isa = PBXContainerItemProxy;
			containerPortal = 704B383A1CA5D95E00067C65 /* Project object */;
			proxyType = 1;
			remoteGlobalIDString = 704B38411CA5D95E00067C65;
			remoteInfo = FireFly;
		};
/* End PBXContainerItemProxy section */

/* Begin PBXFileReference section */
		701D03371CA5DE81009AAC74 /* Bee.png */ = {isa = PBXFileReference; lastKnownFileType = image.png; path = Bee.png; sourceTree = "<group>"; };
		701D03381CA5DE81009AAC74 /* car.png */ = {isa = PBXFileReference; lastKnownFileType = image.png; path = car.png; sourceTree = "<group>"; };
		701D03391CA5DE81009AAC74 /* firefly.png */ = {isa = PBXFileReference; lastKnownFileType = image.png; path = firefly.png; sourceTree = "<group>"; };
		701D033A1CA5DE81009AAC74 /* grass.png */ = {isa = PBXFileReference; lastKnownFileType = image.png; path = grass.png; sourceTree = "<group>"; };
		701D033B1CA5DE81009AAC74 /* kid1 copy.png */ = {isa = PBXFileReference; lastKnownFileType = image.png; path = "kid1 copy.png"; sourceTree = "<group>"; };
		701D033C1CA5DE81009AAC74 /* kid2 copy.png */ = {isa = PBXFileReference; lastKnownFileType = image.png; path = "kid2 copy.png"; sourceTree = "<group>"; };
		701D033D1CA5DE81009AAC74 /* kid3 copy.png */ = {isa = PBXFileReference; lastKnownFileType = image.png; path = "kid3 copy.png"; sourceTree = "<group>"; };
		701D033E1CA5DE81009AAC74 /* kid4 copy.png */ = {isa = PBXFileReference; lastKnownFileType = image.png; path = "kid4 copy.png"; sourceTree = "<group>"; };
		701D033F1CA5DE81009AAC74 /* road.png */ = {isa = PBXFileReference; lastKnownFileType = image.png; path = road.png; sourceTree = "<group>"; };
		701D03401CA5DE81009AAC74 /* tree1.png */ = {isa = PBXFileReference; lastKnownFileType = image.png; path = tree1.png; sourceTree = "<group>"; };
		701D034C1CA5DE88009AAC74 /* CarCrash.wav */ = {isa = PBXFileReference; lastKnownFileType = audio.wav; path = CarCrash.wav; sourceTree = "<group>"; };
		701D034D1CA5DE88009AAC74 /* forest.wav */ = {isa = PBXFileReference; lastKnownFileType = audio.wav; path = forest.wav; sourceTree = "<group>"; };
		701D03501CA5E77C009AAC74 /* MenuScene.swift */ = {isa = PBXFileReference; fileEncoding = 4; lastKnownFileType = sourcecode.swift; path = MenuScene.swift; sourceTree = "<group>"; };
		704B38421CA5D95E00067C65 /* FireFly.app */ = {isa = PBXFileReference; explicitFileType = wrapper.application; includeInIndex = 0; path = FireFly.app; sourceTree = BUILT_PRODUCTS_DIR; };
		704B38451CA5D95E00067C65 /* AppDelegate.swift */ = {isa = PBXFileReference; lastKnownFileType = sourcecode.swift; path = AppDelegate.swift; sourceTree = "<group>"; };
		704B38471CA5D95E00067C65 /* GameScene.sks */ = {isa = PBXFileReference; lastKnownFileType = file.sks; path = GameScene.sks; sourceTree = "<group>"; };
		704B38491CA5D95E00067C65 /* GameScene.swift */ = {isa = PBXFileReference; lastKnownFileType = sourcecode.swift; path = GameScene.swift; sourceTree = "<group>"; };
		704B384B1CA5D95E00067C65 /* GameViewController.swift */ = {isa = PBXFileReference; lastKnownFileType = sourcecode.swift; path = GameViewController.swift; sourceTree = "<group>"; };
		704B384E1CA5D95E00067C65 /* Base */ = {isa = PBXFileReference; lastKnownFileType = file.storyboard; name = Base; path = Base.lproj/Main.storyboard; sourceTree = "<group>"; };
		704B38501CA5D95E00067C65 /* Assets.xcassets */ = {isa = PBXFileReference; lastKnownFileType = folder.assetcatalog; path = Assets.xcassets; sourceTree = "<group>"; };
		704B38531CA5D95E00067C65 /* Base */ = {isa = PBXFileReference; lastKnownFileType = file.storyboard; name = Base; path = Base.lproj/LaunchScreen.storyboard; sourceTree = "<group>"; };
		704B38551CA5D95E00067C65 /* Info.plist */ = {isa = PBXFileReference; lastKnownFileType = text.plist.xml; path = Info.plist; sourceTree = "<group>"; };
		704B385A1CA5D95E00067C65 /* FireFlyTests.xctest */ = {isa = PBXFileReference; explicitFileType = wrapper.cfbundle; includeInIndex = 0; path = FireFlyTests.xctest; sourceTree = BUILT_PRODUCTS_DIR; };
		704B385E1CA5D95E00067C65 /* FireFlyTests.swift */ = {isa = PBXFileReference; lastKnownFileType = sourcecode.swift; path = FireFlyTests.swift; sourceTree = "<group>"; };
		704B38601CA5D95E00067C65 /* Info.plist */ = {isa = PBXFileReference; lastKnownFileType = text.plist.xml; path = Info.plist; sourceTree = "<group>"; };
		704B38651CA5D95E00067C65 /* FireFlyUITests.xctest */ = {isa = PBXFileReference; explicitFileType = wrapper.cfbundle; includeInIndex = 0; path = FireFlyUITests.xctest; sourceTree = BUILT_PRODUCTS_DIR; };
		704B38691CA5D95E00067C65 /* FireFlyUITests.swift */ = {isa = PBXFileReference; lastKnownFileType = sourcecode.swift; path = FireFlyUITests.swift; sourceTree = "<group>"; };
		704B386B1CA5D95E00067C65 /* Info.plist */ = {isa = PBXFileReference; lastKnownFileType = text.plist.xml; path = Info.plist; sourceTree = "<group>"; };
/* End PBXFileReference section */

/* Begin PBXFrameworksBuildPhase section */
		704B383F1CA5D95E00067C65 /* Frameworks */ = {
			isa = PBXFrameworksBuildPhase;
			buildActionMask = 2147483647;
			files = (
			);
			runOnlyForDeploymentPostprocessing = 0;
		};
		704B38571CA5D95E00067C65 /* Frameworks */ = {
			isa = PBXFrameworksBuildPhase;
			buildActionMask = 2147483647;
			files = (
			);
			runOnlyForDeploymentPostprocessing = 0;
		};
		704B38621CA5D95E00067C65 /* Frameworks */ = {
			isa = PBXFrameworksBuildPhase;
			buildActionMask = 2147483647;
			files = (
			);
			runOnlyForDeploymentPostprocessing = 0;
		};
/* End PBXFrameworksBuildPhase section */

/* Begin PBXGroup section */
		701D03361CA5DE81009AAC74 /* Art */ = {
			isa = PBXGroup;
			children = (
				701D03371CA5DE81009AAC74 /* Bee.png */,
				701D03381CA5DE81009AAC74 /* car.png */,
				701D03391CA5DE81009AAC74 /* firefly.png */,
				701D033A1CA5DE81009AAC74 /* grass.png */,
				701D033B1CA5DE81009AAC74 /* kid1 copy.png */,
				701D033C1CA5DE81009AAC74 /* kid2 copy.png */,
				701D033D1CA5DE81009AAC74 /* kid3 copy.png */,
				701D033E1CA5DE81009AAC74 /* kid4 copy.png */,
				701D033F1CA5DE81009AAC74 /* road.png */,
				701D03401CA5DE81009AAC74 /* tree1.png */,
			);
			path = Art;
			sourceTree = "<group>";
		};
		701D034B1CA5DE88009AAC74 /* Sounds */ = {
			isa = PBXGroup;
			children = (
				701D034C1CA5DE88009AAC74 /* CarCrash.wav */,
				701D034D1CA5DE88009AAC74 /* forest.wav */,
			);
			name = Sounds;
			path = Art/Sounds;
			sourceTree = "<group>";
		};
		704B38391CA5D95E00067C65 = {
			isa = PBXGroup;
			children = (
				704B38441CA5D95E00067C65 /* FireFly */,
				704B385D1CA5D95E00067C65 /* FireFlyTests */,
				704B38681CA5D95E00067C65 /* FireFlyUITests */,
				704B38431CA5D95E00067C65 /* Products */,
			);
			sourceTree = "<group>";
		};
		704B38431CA5D95E00067C65 /* Products */ = {
			isa = PBXGroup;
			children = (
				704B38421CA5D95E00067C65 /* FireFly.app */,
				704B385A1CA5D95E00067C65 /* FireFlyTests.xctest */,
				704B38651CA5D95E00067C65 /* FireFlyUITests.xctest */,
			);
			name = Products;
			sourceTree = "<group>";
		};
		704B38441CA5D95E00067C65 /* FireFly */ = {
			isa = PBXGroup;
			children = (
				701D034B1CA5DE88009AAC74 /* Sounds */,
				701D03361CA5DE81009AAC74 /* Art */,
				704B38451CA5D95E00067C65 /* AppDelegate.swift */,
				704B38471CA5D95E00067C65 /* GameScene.sks */,
				704B38491CA5D95E00067C65 /* GameScene.swift */,
				704B384B1CA5D95E00067C65 /* GameViewController.swift */,
				701D03501CA5E77C009AAC74 /* MenuScene.swift */,
				704B384D1CA5D95E00067C65 /* Main.storyboard */,
				704B38501CA5D95E00067C65 /* Assets.xcassets */,
				704B38521CA5D95E00067C65 /* LaunchScreen.storyboard */,
				704B38551CA5D95E00067C65 /* Info.plist */,
			);
			path = FireFly;
			sourceTree = "<group>";
		};
		704B385D1CA5D95E00067C65 /* FireFlyTests */ = {
			isa = PBXGroup;
			children = (
				704B385E1CA5D95E00067C65 /* FireFlyTests.swift */,
				704B38601CA5D95E00067C65 /* Info.plist */,
			);
			path = FireFlyTests;
			sourceTree = "<group>";
		};
		704B38681CA5D95E00067C65 /* FireFlyUITests */ = {
			isa = PBXGroup;
			children = (
				704B38691CA5D95E00067C65 /* FireFlyUITests.swift */,
				704B386B1CA5D95E00067C65 /* Info.plist */,
			);
			path = FireFlyUITests;
			sourceTree = "<group>";
		};
/* End PBXGroup section */

/* Begin PBXNativeTarget section */
		704B38411CA5D95E00067C65 /* FireFly */ = {
			isa = PBXNativeTarget;
			buildConfigurationList = 704B386E1CA5D95E00067C65 /* Build configuration list for PBXNativeTarget "FireFly" */;
			buildPhases = (
				704B383E1CA5D95E00067C65 /* Sources */,
				704B383F1CA5D95E00067C65 /* Frameworks */,
				704B38401CA5D95E00067C65 /* Resources */,
			);
			buildRules = (
			);
			dependencies = (
			);
			name = FireFly;
			productName = FireFly;
			productReference = 704B38421CA5D95E00067C65 /* FireFly.app */;
			productType = "com.apple.product-type.application";
		};
		704B38591CA5D95E00067C65 /* FireFlyTests */ = {
			isa = PBXNativeTarget;
			buildConfigurationList = 704B38711CA5D95E00067C65 /* Build configuration list for PBXNativeTarget "FireFlyTests" */;
			buildPhases = (
				704B38561CA5D95E00067C65 /* Sources */,
				704B38571CA5D95E00067C65 /* Frameworks */,
				704B38581CA5D95E00067C65 /* Resources */,
			);
			buildRules = (
			);
			dependencies = (
				704B385C1CA5D95E00067C65 /* PBXTargetDependency */,
			);
			name = FireFlyTests;
			productName = FireFlyTests;
			productReference = 704B385A1CA5D95E00067C65 /* FireFlyTests.xctest */;
			productType = "com.apple.product-type.bundle.unit-test";
		};
		704B38641CA5D95E00067C65 /* FireFlyUITests */ = {
			isa = PBXNativeTarget;
			buildConfigurationList = 704B38741CA5D95E00067C65 /* Build configuration list for PBXNativeTarget "FireFlyUITests" */;
			buildPhases = (
				704B38611CA5D95E00067C65 /* Sources */,
				704B38621CA5D95E00067C65 /* Frameworks */,
				704B38631CA5D95E00067C65 /* Resources */,
			);
			buildRules = (
			);
			dependencies = (
				704B38671CA5D95E00067C65 /* PBXTargetDependency */,
			);
			name = FireFlyUITests;
			productName = FireFlyUITests;
			productReference = 704B38651CA5D95E00067C65 /* FireFlyUITests.xctest */;
			productType = "com.apple.product-type.bundle.ui-testing";
		};
/* End PBXNativeTarget section */

/* Begin PBXProject section */
		704B383A1CA5D95E00067C65 /* Project object */ = {
			isa = PBXProject;
			attributes = {
				LastSwiftUpdateCheck = 0730;
				LastUpgradeCheck = 0730;
				ORGANIZATIONNAME = claybear39;
				TargetAttributes = {
					704B38411CA5D95E00067C65 = {
						CreatedOnToolsVersion = 7.3;
					};
					704B38591CA5D95E00067C65 = {
						CreatedOnToolsVersion = 7.3;
						TestTargetID = 704B38411CA5D95E00067C65;
					};
					704B38641CA5D95E00067C65 = {
						CreatedOnToolsVersion = 7.3;
						TestTargetID = 704B38411CA5D95E00067C65;
					};
				};
			};
			buildConfigurationList = 704B383D1CA5D95E00067C65 /* Build configuration list for PBXProject "FireFly" */;
			compatibilityVersion = "Xcode 3.2";
			developmentRegion = English;
			hasScannedForEncodings = 0;
			knownRegions = (
				en,
				Base,
			);
			mainGroup = 704B38391CA5D95E00067C65;
			productRefGroup = 704B38431CA5D95E00067C65 /* Products */;
			projectDirPath = "";
			projectRoot = "";
			targets = (
				704B38411CA5D95E00067C65 /* FireFly */,
				704B38591CA5D95E00067C65 /* FireFlyTests */,
				704B38641CA5D95E00067C65 /* FireFlyUITests */,
			);
		};
/* End PBXProject section */

/* Begin PBXResourcesBuildPhase section */
		704B38401CA5D95E00067C65 /* Resources */ = {
			isa = PBXResourcesBuildPhase;
			buildActionMask = 2147483647;
			files = (
				701D03421CA5DE81009AAC74 /* car.png in Resources */,
				701D03461CA5DE81009AAC74 /* kid2 copy.png in Resources */,
				701D03431CA5DE81009AAC74 /* firefly.png in Resources */,
				704B38481CA5D95E00067C65 /* GameScene.sks in Resources */,
				701D03471CA5DE81009AAC74 /* kid3 copy.png in Resources */,
				701D03491CA5DE81009AAC74 /* road.png in Resources */,
				704B38541CA5D95E00067C65 /* LaunchScreen.storyboard in Resources */,
				701D034A1CA5DE81009AAC74 /* tree1.png in Resources */,
				701D03451CA5DE81009AAC74 /* kid1 copy.png in Resources */,
				701D034F1CA5DE88009AAC74 /* forest.wav in Resources */,
				701D03481CA5DE81009AAC74 /* kid4 copy.png in Resources */,
				701D03441CA5DE81009AAC74 /* grass.png in Resources */,
				704B38511CA5D95E00067C65 /* Assets.xcassets in Resources */,
				704B384F1CA5D95E00067C65 /* Main.storyboard in Resources */,
				701D034E1CA5DE88009AAC74 /* CarCrash.wav in Resources */,
				701D03411CA5DE81009AAC74 /* Bee.png in Resources */,
			);
			runOnlyForDeploymentPostprocessing = 0;
		};
		704B38581CA5D95E00067C65 /* Resources */ = {
			isa = PBXResourcesBuildPhase;
			buildActionMask = 2147483647;
			files = (
			);
			runOnlyForDeploymentPostprocessing = 0;
		};
		704B38631CA5D95E00067C65 /* Resources */ = {
			isa = PBXResourcesBuildPhase;
			buildActionMask = 2147483647;
			files = (
			);
			runOnlyForDeploymentPostprocessing = 0;
		};
/* End PBXResourcesBuildPhase section */

/* Begin PBXSourcesBuildPhase section */
		704B383E1CA5D95E00067C65 /* Sources */ = {
			isa = PBXSourcesBuildPhase;
			buildActionMask = 2147483647;
			files = (
				704B384A1CA5D95E00067C65 /* GameScene.swift in Sources */,
				701D03511CA5E77C009AAC74 /* MenuScene.swift in Sources */,
				704B384C1CA5D95E00067C65 /* GameViewController.swift in Sources */,
				704B38461CA5D95E00067C65 /* AppDelegate.swift in Sources */,
			);
			runOnlyForDeploymentPostprocessing = 0;
		};
		704B38561CA5D95E00067C65 /* Sources */ = {
			isa = PBXSourcesBuildPhase;
			buildActionMask = 2147483647;
			files = (
				704B385F1CA5D95E00067C65 /* FireFlyTests.swift in Sources */,
			);
			runOnlyForDeploymentPostprocessing = 0;
		};
		704B38611CA5D95E00067C65 /* Sources */ = {
			isa = PBXSourcesBuildPhase;
			buildActionMask = 2147483647;
			files = (
				704B386A1CA5D95E00067C65 /* FireFlyUITests.swift in Sources */,
			);
			runOnlyForDeploymentPostprocessing = 0;
		};
/* End PBXSourcesBuildPhase section */

/* Begin PBXTargetDependency section */
		704B385C1CA5D95E00067C65 /* PBXTargetDependency */ = {
			isa = PBXTargetDependency;
			target = 704B38411CA5D95E00067C65 /* FireFly */;
			targetProxy = 704B385B1CA5D95E00067C65 /* PBXContainerItemProxy */;
		};
		704B38671CA5D95E00067C65 /* PBXTargetDependency */ = {
			isa = PBXTargetDependency;
			target = 704B38411CA5D95E00067C65 /* FireFly */;
			targetProxy = 704B38661CA5D95E00067C65 /* PBXContainerItemProxy */;
		};
/* End PBXTargetDependency section */

/* Begin PBXVariantGroup section */
		704B384D1CA5D95E00067C65 /* Main.storyboard */ = {
			isa = PBXVariantGroup;
			children = (
				704B384E1CA5D95E00067C65 /* Base */,
			);
			name = Main.storyboard;
			sourceTree = "<group>";
		};
		704B38521CA5D95E00067C65 /* LaunchScreen.storyboard */ = {
			isa = PBXVariantGroup;
			children = (
				704B38531CA5D95E00067C65 /* Base */,
			);
			name = LaunchScreen.storyboard;
			sourceTree = "<group>";
		};
/* End PBXVariantGroup section */

/* Begin XCBuildConfiguration section */
		704B386C1CA5D95E00067C65 /* Debug */ = {
			isa = XCBuildConfiguration;
			buildSettings = {
				ALWAYS_SEARCH_USER_PATHS = NO;
				CLANG_ANALYZER_NONNULL = YES;
				CLANG_CXX_LANGUAGE_STANDARD = "gnu++0x";
				CLANG_CXX_LIBRARY = "libc++";
				CLANG_ENABLE_MODULES = YES;
				CLANG_ENABLE_OBJC_ARC = YES;
				CLANG_WARN_BOOL_CONVERSION = YES;
				CLANG_WARN_CONSTANT_CONVERSION = YES;
				CLANG_WARN_DIRECT_OBJC_ISA_USAGE = YES_ERROR;
				CLANG_WARN_EMPTY_BODY = YES;
				CLANG_WARN_ENUM_CONVERSION = YES;
				CLANG_WARN_INT_CONVERSION = YES;
				CLANG_WARN_OBJC_ROOT_CLASS = YES_ERROR;
				CLANG_WARN_UNREACHABLE_CODE = YES;
				CLANG_WARN__DUPLICATE_METHOD_MATCH = YES;
				"CODE_SIGN_IDENTITY[sdk=iphoneos*]" = "iPhone Developer";
				COPY_PHASE_STRIP = NO;
				DEBUG_INFORMATION_FORMAT = "dwarf-with-dsym";
				ENABLE_STRICT_OBJC_MSGSEND = YES;
				ENABLE_TESTABILITY = YES;
				GCC_C_LANGUAGE_STANDARD = gnu99;
				GCC_DYNAMIC_NO_PIC = NO;
				GCC_NO_COMMON_BLOCKS = YES;
				GCC_OPTIMIZATION_LEVEL = 0;
				GCC_PREPROCESSOR_DEFINITIONS = (
					"DEBUG=1",
					"$(inherited)",
				);
				GCC_WARN_64_TO_32_BIT_CONVERSION = YES;
				GCC_WARN_ABOUT_RETURN_TYPE = YES_ERROR;
				GCC_WARN_UNDECLARED_SELECTOR = YES;
				GCC_WARN_UNINITIALIZED_AUTOS = YES_AGGRESSIVE;
				GCC_WARN_UNUSED_FUNCTION = YES;
				GCC_WARN_UNUSED_VARIABLE = YES;
				IPHONEOS_DEPLOYMENT_TARGET = 9.3;
				MTL_ENABLE_DEBUG_INFO = YES;
				ONLY_ACTIVE_ARCH = YES;
				SDKROOT = iphoneos;
				SWIFT_OPTIMIZATION_LEVEL = "-Onone";
				TARGETED_DEVICE_FAMILY = "1,2";
			};
			name = Debug;
		};
		704B386D1CA5D95E00067C65 /* Release */ = {
			isa = XCBuildConfiguration;
			buildSettings = {
				ALWAYS_SEARCH_USER_PATHS = NO;
				CLANG_ANALYZER_NONNULL = YES;
				CLANG_CXX_LANGUAGE_STANDARD = "gnu++0x";
				CLANG_CXX_LIBRARY = "libc++";
				CLANG_ENABLE_MODULES = YES;
				CLANG_ENABLE_OBJC_ARC = YES;
				CLANG_WARN_BOOL_CONVERSION = YES;
				CLANG_WARN_CONSTANT_CONVERSION = YES;
				CLANG_WARN_DIRECT_OBJC_ISA_USAGE = YES_ERROR;
				CLANG_WARN_EMPTY_BODY = YES;
				CLANG_WARN_ENUM_CONVERSION = YES;
				CLANG_WARN_INT_CONVERSION = YES;
				CLANG_WARN_OBJC_ROOT_CLASS = YES_ERROR;
				CLANG_WARN_UNREACHABLE_CODE = YES;
				CLANG_WARN__DUPLICATE_METHOD_MATCH = YES;
				"CODE_SIGN_IDENTITY[sdk=iphoneos*]" = "iPhone Developer";
				COPY_PHASE_STRIP = NO;
				DEBUG_INFORMATION_FORMAT = "dwarf-with-dsym";
				ENABLE_NS_ASSERTIONS = NO;
				ENABLE_STRICT_OBJC_MSGSEND = YES;
				GCC_C_LANGUAGE_STANDARD = gnu99;
				GCC_NO_COMMON_BLOCKS = YES;
				GCC_WARN_64_TO_32_BIT_CONVERSION = YES;
				GCC_WARN_ABOUT_RETURN_TYPE = YES_ERROR;
				GCC_WARN_UNDECLARED_SELECTOR = YES;
				GCC_WARN_UNINITIALIZED_AUTOS = YES_AGGRESSIVE;
				GCC_WARN_UNUSED_FUNCTION = YES;
				GCC_WARN_UNUSED_VARIABLE = YES;
				IPHONEOS_DEPLOYMENT_TARGET = 9.3;
				MTL_ENABLE_DEBUG_INFO = NO;
				SDKROOT = iphoneos;
				TARGETED_DEVICE_FAMILY = "1,2";
				VALIDATE_PRODUCT = YES;
			};
			name = Release;
		};
		704B386F1CA5D95E00067C65 /* Debug */ = {
			isa = XCBuildConfiguration;
			buildSettings = {
				ASSETCATALOG_COMPILER_APPICON_NAME = AppIcon;
				INFOPLIST_FILE = FireFly/Info.plist;
				LD_RUNPATH_SEARCH_PATHS = "$(inherited) @executable_path/Frameworks";
				PRODUCT_BUNDLE_IDENTIFIER = Claybear39.FireFly;
				PRODUCT_NAME = "$(TARGET_NAME)";
			};
			name = Debug;
		};
		704B38701CA5D95E00067C65 /* Release */ = {
			isa = XCBuildConfiguration;
			buildSettings = {
				ASSETCATALOG_COMPILER_APPICON_NAME = AppIcon;
				INFOPLIST_FILE = FireFly/Info.plist;
				LD_RUNPATH_SEARCH_PATHS = "$(inherited) @executable_path/Frameworks";
				PRODUCT_BUNDLE_IDENTIFIER = Claybear39.FireFly;
				PRODUCT_NAME = "$(TARGET_NAME)";
			};
			name = Release;
		};
		704B38721CA5D95E00067C65 /* Debug */ = {
			isa = XCBuildConfiguration;
			buildSettings = {
				BUNDLE_LOADER = "$(TEST_HOST)";
				DEBUG_INFORMATION_FORMAT = dwarf;
				INFOPLIST_FILE = FireFlyTests/Info.plist;
				LD_RUNPATH_SEARCH_PATHS = "$(inherited) @executable_path/Frameworks @loader_path/Frameworks";
				PRODUCT_BUNDLE_IDENTIFIER = Claybear39.FireFlyTests;
				PRODUCT_NAME = "$(TARGET_NAME)";
				TEST_HOST = "$(BUILT_PRODUCTS_DIR)/FireFly.app/FireFly";
			};
			name = Debug;
		};
		704B38731CA5D95E00067C65 /* Release */ = {
			isa = XCBuildConfiguration;
			buildSettings = {
				BUNDLE_LOADER = "$(TEST_HOST)";
				INFOPLIST_FILE = FireFlyTests/Info.plist;
				LD_RUNPATH_SEARCH_PATHS = "$(inherited) @executable_path/Frameworks @loader_path/Frameworks";
				PRODUCT_BUNDLE_IDENTIFIER = Claybear39.FireFlyTests;
				PRODUCT_NAME = "$(TARGET_NAME)";
				TEST_HOST = "$(BUILT_PRODUCTS_DIR)/FireFly.app/FireFly";
			};
			name = Release;
		};
		704B38751CA5D95E00067C65 /* Debug */ = {
			isa = XCBuildConfiguration;
			buildSettings = {
				DEBUG_INFORMATION_FORMAT = dwarf;
				INFOPLIST_FILE = FireFlyUITests/Info.plist;
				LD_RUNPATH_SEARCH_PATHS = "$(inherited) @executable_path/Frameworks @loader_path/Frameworks";
				PRODUCT_BUNDLE_IDENTIFIER = Claybear39.FireFlyUITests;
				PRODUCT_NAME = "$(TARGET_NAME)";
				TEST_TARGET_NAME = FireFly;
			};
			name = Debug;
		};
		704B38761CA5D95E00067C65 /* Release */ = {
			isa = XCBuildConfiguration;
			buildSettings = {
				INFOPLIST_FILE = FireFlyUITests/Info.plist;
				LD_RUNPATH_SEARCH_PATHS = "$(inherited) @executable_path/Frameworks @loader_path/Frameworks";
				PRODUCT_BUNDLE_IDENTIFIER = Claybear39.FireFlyUITests;
				PRODUCT_NAME = "$(TARGET_NAME)";
				TEST_TARGET_NAME = FireFly;
			};
			name = Release;
		};
/* End XCBuildConfiguration section */

/* Begin XCConfigurationList section */
		704B383D1CA5D95E00067C65 /* Build configuration list for PBXProject "FireFly" */ = {
			isa = XCConfigurationList;
			buildConfigurations = (
				704B386C1CA5D95E00067C65 /* Debug */,
				704B386D1CA5D95E00067C65 /* Release */,
			);
			defaultConfigurationIsVisible = 0;
			defaultConfigurationName = Release;
		};
		704B386E1CA5D95E00067C65 /* Build configuration list for PBXNativeTarget "FireFly" */ = {
			isa = XCConfigurationList;
			buildConfigurations = (
				704B386F1CA5D95E00067C65 /* Debug */,
				704B38701CA5D95E00067C65 /* Release */,
			);
			defaultConfigurationIsVisible = 0;
			defaultConfigurationName = Release;
		};
		704B38711CA5D95E00067C65 /* Build configuration list for PBXNativeTarget "FireFlyTests" */ = {
			isa = XCConfigurationList;
			buildConfigurations = (
				704B38721CA5D95E00067C65 /* Debug */,
				704B38731CA5D95E00067C65 /* Release */,
			);
			defaultConfigurationIsVisible = 0;
			defaultConfigurationName = Release;
		};
		704B38741CA5D95E00067C65 /* Build configuration list for PBXNativeTarget "FireFlyUITests" */ = {
			isa = XCConfigurationList;
			buildConfigurations = (
				704B38751CA5D95E00067C65 /* Debug */,
				704B38761CA5D95E00067C65 /* Release */,
			);
			defaultConfigurationIsVisible = 0;
			defaultConfigurationName = Release;
		};
/* End XCConfigurationList section */
	};
	rootObject = 704B383A1CA5D95E00067C65 /* Project object */;
}
